
Microsoft Visual Studio Solution File, Format Version 12.00
# Visual Studio 15
VisualStudioVersion = 15.0.26730.16
MinimumVisualStudioVersion = 10.0.40219.1
Project("{FAE04EC0-301F-11D3-BF4B-00C04F79EFBC}") = "ManVsCars", "ManVsCars\ManVsCars.csproj", "{C7A4995B-F0E6-40C8-91BA-2D1623D99FE3}"
EndProject
Project("{FAE04EC0-301F-11D3-BF4B-00C04F79EFBC}") = "ArmsJect", "ArmsJect\ArmsJect.csproj", "{5D0DF732-0261-4550-9B3B-0162BBE0213A}"
EndProject
Global
	GlobalSection(SolutionConfigurationPlatforms) = preSolution
		Debug|Any CPU = Debug|Any CPU
		Release|Any CPU = Release|Any CPU
	EndGlobalSection
	GlobalSection(ProjectConfigurationPlatforms) = postSolution
		{C7A4995B-F0E6-40C8-91BA-2D1623D99FE3}.Debug|Any CPU.ActiveCfg = Debug|Any CPU
		{C7A4995B-F0E6-40C8-91BA-2D1623D99FE3}.Debug|Any CPU.Build.0 = Debug|Any CPU
		{C7A4995B-F0E6-40C8-91BA-2D1623D99FE3}.Release|Any CPU.ActiveCfg = Release|Any CPU
		{C7A4995B-F0E6-40C8-91BA-2D1623D99FE3}.Release|Any CPU.Build.0 = Release|Any CPU
		{5D0DF732-0261-4550-9B3B-0162BBE0213A}.Debug|Any CPU.ActiveCfg = Debug|Any CPU
		{5D0DF732-0261-4550-9B3B-0162BBE0213A}.Debug|Any CPU.Build.0 = Debug|Any CPU
		{5D0DF732-0261-4550-9B3B-0162BBE0213A}.Release|Any CPU.ActiveCfg = Release|Any CPU
		{5D0DF732-0261-4550-9B3B-0162BBE0213A}.Release|Any CPU.Build.0 = Release|Any CPU
	EndGlobalSection
	GlobalSection(SolutionProperties) = preSolution
		HideSolutionNode = FALSE
	EndGlobalSection
	GlobalSection(ExtensibilityGlobals) = postSolution
		SolutionGuid = {FC6F888D-A659-4CE4-BD62-78DC2DEEF525}
	EndGlobalSection
EndGlobal
